
Microsoft Visual Studio Solution File, Format Version 12.00
# Visual Studio Version 17
VisualStudioVersion = 17.4.33213.308
MinimumVisualStudioVersion = 10.0.40219.1
Project("{FAE04EC0-301F-11D3-BF4B-00C04F79EFBC}") = "InheritanceExerciseConsoleApp03", "InheritanceExerciseConsoleApp03\InheritanceExerciseConsoleApp03.csproj", "{366ABDE3-863D-4C0F-B809-6129611EA249}"
EndProject
Global
	GlobalSection(SolutionConfigurationPlatforms) = preSolution
		Debug|Any CPU = Debug|Any CPU
		Release|Any CPU = Release|Any CPU
	EndGlobalSection
	GlobalSection(ProjectConfigurationPlatforms) = postSolution
		{366ABDE3-863D-4C0F-B809-6129611EA249}.Debug|Any CPU.ActiveCfg = Debug|Any CPU
		{366ABDE3-863D-4C0F-B809-6129611EA249}.Debug|Any CPU.Build.0 = Debug|Any CPU
		{366ABDE3-863D-4C0F-B809-6129611EA249}.Release|Any CPU.ActiveCfg = Release|Any CPU
		{366ABDE3-863D-4C0F-B809-6129611EA249}.Release|Any CPU.Build.0 = Release|Any CPU
	EndGlobalSection
	GlobalSection(SolutionProperties) = preSolution
		HideSolutionNode = FALSE
	EndGlobalSection
	GlobalSection(ExtensibilityGlobals) = postSolution
		SolutionGuid = {9559AA80-EE91-44E3-B532-350F06F79288}
	EndGlobalSection
EndGlobal
